{
  "name": "@kayushkin/kanban-store-types",
  "version": "0.1.0",
  "lockfileVersion": 3,
  "requires": true,
  "packages": {
    "": {
      "name": "@kayushkin/kanban-store-types",
      "version": "0.1.0",
      "license": "Apache-2.0",
      "dependencies": {
        "@kayushkin/noteboard-types": "file:../../noteboard/ts"
      }
    },
    "../../noteboard/ts": {
      "name": "@kayushkin/noteboard-types",
      "version": "0.1.0",
      "license": "Apache-2.0"
    },
    "node_modules/@kayushkin/noteboard-types": {
      "resolved": "../../noteboard/ts",
      "link": true
    }
  }
}
